experiment_id: m3_last_block
model_name: TinyLlama/TinyLlama-1.1B-Chat-v1.0
training_mode: m3
data_pack_path: tournament/data/packs/p0_pairs.jsonl
eval_path: tournament/data/source_pool.jsonl
output_dir: tournament/outputs/runs/m3_last_block
max_seq_len: 768
token_budget: 2000000
batch_size: 2
gradient_accumulation_steps: 8
learning_rate: 0.00005
num_epochs_max: 2
seed: 42
use_wandb: true
wandb_entity: jgold23-university-of-pennsylvania-model-united-nations-
wandb_project: PromptLab_STAT4830
